<?xml version="1.0" encoding="UTF-8"?>
<Solution>
	<Configurations>
		<BuildType Name="Debug"/>
		<BuildType Name="Release"/>
		<BuildType Name="MinSizeRel"/>
		<BuildType Name="RelWithDebInfo"/>
		<Platform Name="x64"/>
	</Configurations>
	<Project Path="engine/engine.vcxproj" Type="8bc9ceb8-8b4a-11d0-8d11-00a0c91bc942" Id="3e365913-2e10-312e-a2b4-3a9b67e62c7e">
		<BuildDependency Project="ZERO_CHECK.vcxproj"/>
		<BuildDependency Project="_deps/glfw-build/src/glfw.vcxproj"/>
	</Project>
	<Project Path="engine/engine_bench_tests.vcxproj" Type="8bc9ceb8-8b4a-11d0-8d11-00a0c91bc942" Id="42854aee-0087-3dea-af52-2774d481a36e">
		<BuildDependency Project="ZERO_CHECK.vcxproj"/>
		<BuildDependency Project="engine/engine.vcxproj"/>
		<BuildDependency Project="_deps/glfw-build/src/glfw.vcxproj"/>
	</Project>
	<Project Path="engine/engine_brdf_tests.vcxproj" Type="8bc9ceb8-8b4a-11d0-8d11-00a0c91bc942" Id="4e0d9383-abdc-3558-8f87-56b6c9e34b41">
		<BuildDependency Project="ZERO_CHECK.vcxproj"/>
		<BuildDependency Project="engine/engine.vcxproj"/>
		<BuildDependency Project="_deps/glfw-build/src/glfw.vcxproj"/>
	</Project>
	<Project Path="engine/engine_frustum_tests.vcxproj" Type="8bc9ceb8-8b4a-11d0-8d11-00a0c91bc942" Id="fd2b8027-e8c2-3175-b387-5f61005d80f3">
		<BuildDependency Project="ZERO_CHECK.vcxproj"/>
		<BuildDependency Project="engine/engine.vcxproj"/>
		<BuildDependency Project="_deps/glfw-build/src/glfw.vcxproj"/>
	</Project>
	<Project Path="engine/engine_math_tests.vcxproj" Type="8bc9ceb8-8b4a-11d0-8d11-00a0c91bc942" Id="15b19d10-3b17-3f24-976b-f491668ad8d6">
		<BuildDependency Project="ZERO_CHECK.vcxproj"/>
		<BuildDependency Project="engine/engine.vcxproj"/>
		<BuildDependency Project="_deps/glfw-build/src/glfw.vcxproj"/>
	</Project>
	<Project Path="engine/engine_obj_tests.vcxproj" Type="8bc9ceb8-8b4a-11d0-8d11-00a0c91bc942" Id="a5dfb28b-ab95-3c66-9b4f-90fbc42688bd">
		<BuildDependency Project="ZERO_CHECK.vcxproj"/>
		<BuildDependency Project="engine/engine.vcxproj"/>
		<BuildDependency Project="_deps/glfw-build/src/glfw.vcxproj"/>
	</Project>
	<Project Path="sandbox/sandbox.vcxproj" Type="8bc9ceb8-8b4a-11d0-8d11-00a0c91bc942" Id="66041f23-47ae-34fd-bb71-a6c1286ee783">
		<BuildDependency Project="ZERO_CHECK.vcxproj"/>
		<BuildDependency Project="engine/engine.vcxproj"/>
		<BuildDependency Project="_deps/glfw-build/src/glfw.vcxproj"/>
	</Project>
	<Folder Name="/CMakePredefinedTargets/">
		<Project Path="ALL_BUILD.vcxproj" Type="8bc9ceb8-8b4a-11d0-8d11-00a0c91bc942" Id="20e9cecb-6598-389d-bc78-ec438be19284" DefaultStartup="true">
			<BuildDependency Project="ZERO_CHECK.vcxproj"/>
			<BuildDependency Project="engine/engine.vcxproj"/>
			<BuildDependency Project="engine/engine_bench_tests.vcxproj"/>
			<BuildDependency Project="engine/engine_brdf_tests.vcxproj"/>
			<BuildDependency Project="engine/engine_frustum_tests.vcxproj"/>
			<BuildDependency Project="engine/engine_math_tests.vcxproj"/>
			<BuildDependency Project="engine/engine_obj_tests.vcxproj"/>
			<BuildDependency Project="_deps/glfw-build/src/glfw.vcxproj"/>
			<BuildDependency Project="sandbox/sandbox.vcxproj"/>
			<Build Solution="Debug|*" Project="false"/>
			<Build Solution="Release|*" Project="false"/>
			<Build Solution="MinSizeRel|*" Project="false"/>
			<Build Solution="RelWithDebInfo|*" Project="false"/>
		</Project>
		<Project Path="RUN_TESTS.vcxproj" Type="8bc9ceb8-8b4a-11d0-8d11-00a0c91bc942" Id="ef4e3da7-03ae-3b04-ac4e-9cbe1c673006">
			<BuildDependency Project="ZERO_CHECK.vcxproj"/>
			<Build Solution="Debug|*" Project="false"/>
			<Build Solution="Release|*" Project="false"/>
			<Build Solution="MinSizeRel|*" Project="false"/>
			<Build Solution="RelWithDebInfo|*" Project="false"/>
		</Project>
		<Project Path="ZERO_CHECK.vcxproj" Type="8bc9ceb8-8b4a-11d0-8d11-00a0c91bc942" Id="10eac108-adb4-3307-9e44-67eefbd00bd0"/>
	</Folder>
	<Folder Name="/CTestDashboardTargets/">
		<Project Path="Continuous.vcxproj" Type="8bc9ceb8-8b4a-11d0-8d11-00a0c91bc942" Id="12c6c5df-a046-3d03-abc6-9f530fb8df05">
			<BuildDependency Project="ZERO_CHECK.vcxproj"/>
			<Build Solution="Debug|*" Project="false"/>
			<Build Solution="Release|*" Project="false"/>
			<Build Solution="MinSizeRel|*" Project="false"/>
			<Build Solution="RelWithDebInfo|*" Project="false"/>
		</Project>
		<Project Path="Experimental.vcxproj" Type="8bc9ceb8-8b4a-11d0-8d11-00a0c91bc942" Id="918c7b11-c2de-3bd7-8e24-3e6e4c6d7f44">
			<BuildDependency Project="ZERO_CHECK.vcxproj"/>
			<Build Solution="Debug|*" Project="false"/>
			<Build Solution="Release|*" Project="false"/>
			<Build Solution="MinSizeRel|*" Project="false"/>
			<Build Solution="RelWithDebInfo|*" Project="false"/>
		</Project>
		<Project Path="Nightly.vcxproj" Type="8bc9ceb8-8b4a-11d0-8d11-00a0c91bc942" Id="74da15c1-f5cd-39ce-979a-b57e485e6722">
			<BuildDependency Project="ZERO_CHECK.vcxproj"/>
			<Build Solution="Debug|*" Project="false"/>
			<Build Solution="Release|*" Project="false"/>
			<Build Solution="MinSizeRel|*" Project="false"/>
			<Build Solution="RelWithDebInfo|*" Project="false"/>
		</Project>
		<Project Path="NightlyMemoryCheck.vcxproj" Type="8bc9ceb8-8b4a-11d0-8d11-00a0c91bc942" Id="cdf0bc94-297c-36fb-b6b4-fc220ec260d7">
			<BuildDependency Project="ZERO_CHECK.vcxproj"/>
			<Build Solution="Debug|*" Project="false"/>
			<Build Solution="Release|*" Project="false"/>
			<Build Solution="MinSizeRel|*" Project="false"/>
			<Build Solution="RelWithDebInfo|*" Project="false"/>
		</Project>
	</Folder>
	<Folder Name="/GLFW3/">
		<Project Path="_deps/glfw-build/src/glfw.vcxproj" Type="8bc9ceb8-8b4a-11d0-8d11-00a0c91bc942" Id="c478e2ca-b883-3526-9d0c-432c7218237a">
			<BuildDependency Project="ZERO_CHECK.vcxproj"/>
		</Project>
		<Project Path="_deps/glfw-build/src/update_mappings.vcxproj" Type="8bc9ceb8-8b4a-11d0-8d11-00a0c91bc942" Id="d2fe9071-2db5-34c9-a87c-a725b2fbd9ce">
			<BuildDependency Project="ZERO_CHECK.vcxproj"/>
			<Build Solution="Debug|*" Project="false"/>
			<Build Solution="Release|*" Project="false"/>
			<Build Solution="MinSizeRel|*" Project="false"/>
			<Build Solution="RelWithDebInfo|*" Project="false"/>
		</Project>
	</Folder>
</Solution>
